
Microsoft Visual Studio Solution File, Format Version 12.00
# Visual Studio Version 17
VisualStudioVersion = 17.0.31903.59
MinimumVisualStudioVersion = 10.0.40219.1
Project("{9A19103F-16F7-4668-BE54-9A1E7A4F7556}") = "LRBee.Lexing", "LRBee.Lexing\LRBee.Lexing.csproj", "{FF0A2D60-DE77-4E1C-8027-923B396AB2E5}"
EndProject
Project("{9A19103F-16F7-4668-BE54-9A1E7A4F7556}") = "LRBee.Utilities", "LRBee.Utilities\LRBee.Utilities.csproj", "{9C4535CA-7B92-4221-9065-4E9FC6E68308}"
EndProject
Project("{9A19103F-16F7-4668-BE54-9A1E7A4F7556}") = "LRBee.GrammarDefinition", "LRBee.GrammarDefinition\LRBee.GrammarDefinition.csproj", "{D7A3A5D0-3F68-4648-92C9-761969D1590B}"
EndProject
Project("{9A19103F-16F7-4668-BE54-9A1E7A4F7556}") = "LRBee.Parsing", "LRBee.Parsing\LRBee.Parsing.csproj", "{B949E1DB-CC36-4AF3-A0D6-D5DD816661F1}"
EndProject
Project("{9A19103F-16F7-4668-BE54-9A1E7A4F7556}") = "Playground", "Playground\Playground.csproj", "{D6DC56AC-0C06-4552-BF65-9B10A30CAB96}"
EndProject
Project("{2150E333-8FDC-42A3-9474-1A3956D46DE8}") = "Playground", "Playground", "{7CE04BDA-301D-4EE1-979A-ECF18D99D732}"
EndProject
Global
	GlobalSection(SolutionConfigurationPlatforms) = preSolution
		Debug|Any CPU = Debug|Any CPU
		Release|Any CPU = Release|Any CPU
	EndGlobalSection
	GlobalSection(ProjectConfigurationPlatforms) = postSolution
		{FF0A2D60-DE77-4E1C-8027-923B396AB2E5}.Debug|Any CPU.ActiveCfg = Debug|Any CPU
		{FF0A2D60-DE77-4E1C-8027-923B396AB2E5}.Debug|Any CPU.Build.0 = Debug|Any CPU
		{FF0A2D60-DE77-4E1C-8027-923B396AB2E5}.Release|Any CPU.ActiveCfg = Release|Any CPU
		{FF0A2D60-DE77-4E1C-8027-923B396AB2E5}.Release|Any CPU.Build.0 = Release|Any CPU
		{9C4535CA-7B92-4221-9065-4E9FC6E68308}.Debug|Any CPU.ActiveCfg = Debug|Any CPU
		{9C4535CA-7B92-4221-9065-4E9FC6E68308}.Debug|Any CPU.Build.0 = Debug|Any CPU
		{9C4535CA-7B92-4221-9065-4E9FC6E68308}.Release|Any CPU.ActiveCfg = Release|Any CPU
		{9C4535CA-7B92-4221-9065-4E9FC6E68308}.Release|Any CPU.Build.0 = Release|Any CPU
		{D7A3A5D0-3F68-4648-92C9-761969D1590B}.Debug|Any CPU.ActiveCfg = Debug|Any CPU
		{D7A3A5D0-3F68-4648-92C9-761969D1590B}.Debug|Any CPU.Build.0 = Debug|Any CPU
		{D7A3A5D0-3F68-4648-92C9-761969D1590B}.Release|Any CPU.ActiveCfg = Release|Any CPU
		{D7A3A5D0-3F68-4648-92C9-761969D1590B}.Release|Any CPU.Build.0 = Release|Any CPU
		{B949E1DB-CC36-4AF3-A0D6-D5DD816661F1}.Debug|Any CPU.ActiveCfg = Debug|Any CPU
		{B949E1DB-CC36-4AF3-A0D6-D5DD816661F1}.Debug|Any CPU.Build.0 = Debug|Any CPU
		{B949E1DB-CC36-4AF3-A0D6-D5DD816661F1}.Release|Any CPU.ActiveCfg = Release|Any CPU
		{B949E1DB-CC36-4AF3-A0D6-D5DD816661F1}.Release|Any CPU.Build.0 = Release|Any CPU
		{D6DC56AC-0C06-4552-BF65-9B10A30CAB96}.Debug|Any CPU.ActiveCfg = Debug|Any CPU
		{D6DC56AC-0C06-4552-BF65-9B10A30CAB96}.Debug|Any CPU.Build.0 = Debug|Any CPU
		{D6DC56AC-0C06-4552-BF65-9B10A30CAB96}.Release|Any CPU.ActiveCfg = Release|Any CPU
		{D6DC56AC-0C06-4552-BF65-9B10A30CAB96}.Release|Any CPU.Build.0 = Release|Any CPU
	EndGlobalSection
	GlobalSection(SolutionProperties) = preSolution
		HideSolutionNode = FALSE
	EndGlobalSection
	GlobalSection(NestedProjects) = preSolution
		{D6DC56AC-0C06-4552-BF65-9B10A30CAB96} = {7CE04BDA-301D-4EE1-979A-ECF18D99D732}
	EndGlobalSection
	GlobalSection(ExtensibilityGlobals) = postSolution
		SolutionGuid = {C0F23D9B-9536-4E08-9371-7DA66CDBB66A}
	EndGlobalSection
EndGlobal
